
Microsoft Visual Studio Solution File, Format Version 12.00
# Visual Studio Version 16
VisualStudioVersion = 16.0.30114.105
MinimumVisualStudioVersion = 10.0.40219.1
Project("{F2A71F9B-5D33-465A-A702-920D77279786}") = "Jisp", "Jisp\Jisp.fsproj", "{21A22838-A86A-47F6-A603-D1DAD3B682D9}"
EndProject
Project("{2150E333-8FDC-42A3-9474-1A3956D46DE8}") = "Lib", "Lib", "{CFC4E262-0EC1-4666-B001-FDC229021557}"
EndProject
Project("{6EC3EE1D-3C4E-46DD-8F32-0CC8E7565705}") = "OurParserC", "OurParserC\OurParserC\OurParserC.fsproj", "{0AE45DC4-9460-4A4D-98B6-F2648C39BB98}"
EndProject
Project("{F2A71F9B-5D33-465A-A702-920D77279786}") = "Jisp.Test", "Jisp.Test\Jisp.Test.fsproj", "{A5B35C6F-FFE6-4AB1-9ADD-95BDB157CC85}"
EndProject
Project("{F2A71F9B-5D33-465A-A702-920D77279786}") = "Jisp.Interpreter", "Jisp.Interpreter\Jisp.Interpreter.fsproj", "{4A551577-3239-4ABC-8FA6-F3E22258A0DC}"
EndProject
Project("{2150E333-8FDC-42A3-9474-1A3956D46DE8}") = "Examples", "Examples", "{E62935C8-9222-4EDF-9253-A78C891D17F0}"
EndProject
Global
	GlobalSection(SolutionConfigurationPlatforms) = preSolution
		Debug|Any CPU = Debug|Any CPU
		Release|Any CPU = Release|Any CPU
	EndGlobalSection
	GlobalSection(ProjectConfigurationPlatforms) = postSolution
		{21A22838-A86A-47F6-A603-D1DAD3B682D9}.Debug|Any CPU.ActiveCfg = Debug|Any CPU
		{21A22838-A86A-47F6-A603-D1DAD3B682D9}.Debug|Any CPU.Build.0 = Debug|Any CPU
		{21A22838-A86A-47F6-A603-D1DAD3B682D9}.Release|Any CPU.ActiveCfg = Release|Any CPU
		{21A22838-A86A-47F6-A603-D1DAD3B682D9}.Release|Any CPU.Build.0 = Release|Any CPU
		{0AE45DC4-9460-4A4D-98B6-F2648C39BB98}.Debug|Any CPU.ActiveCfg = Debug|Any CPU
		{0AE45DC4-9460-4A4D-98B6-F2648C39BB98}.Debug|Any CPU.Build.0 = Debug|Any CPU
		{0AE45DC4-9460-4A4D-98B6-F2648C39BB98}.Release|Any CPU.ActiveCfg = Release|Any CPU
		{0AE45DC4-9460-4A4D-98B6-F2648C39BB98}.Release|Any CPU.Build.0 = Release|Any CPU
		{A5B35C6F-FFE6-4AB1-9ADD-95BDB157CC85}.Debug|Any CPU.ActiveCfg = Debug|Any CPU
		{A5B35C6F-FFE6-4AB1-9ADD-95BDB157CC85}.Debug|Any CPU.Build.0 = Debug|Any CPU
		{A5B35C6F-FFE6-4AB1-9ADD-95BDB157CC85}.Release|Any CPU.ActiveCfg = Release|Any CPU
		{A5B35C6F-FFE6-4AB1-9ADD-95BDB157CC85}.Release|Any CPU.Build.0 = Release|Any CPU
		{4A551577-3239-4ABC-8FA6-F3E22258A0DC}.Debug|Any CPU.ActiveCfg = Debug|Any CPU
		{4A551577-3239-4ABC-8FA6-F3E22258A0DC}.Debug|Any CPU.Build.0 = Debug|Any CPU
		{4A551577-3239-4ABC-8FA6-F3E22258A0DC}.Release|Any CPU.ActiveCfg = Release|Any CPU
		{4A551577-3239-4ABC-8FA6-F3E22258A0DC}.Release|Any CPU.Build.0 = Release|Any CPU
	EndGlobalSection
	GlobalSection(SolutionProperties) = preSolution
		HideSolutionNode = FALSE
	EndGlobalSection
	GlobalSection(NestedProjects) = preSolution
		{0AE45DC4-9460-4A4D-98B6-F2648C39BB98} = {CFC4E262-0EC1-4666-B001-FDC229021557}
	EndGlobalSection
	GlobalSection(ExtensibilityGlobals) = postSolution
		SolutionGuid = {FA08ADA8-871B-4021-8C9E-A10A52C1CE8E}
	EndGlobalSection
EndGlobal
