
Microsoft Visual Studio Solution File, Format Version 12.00
# Visual Studio Version 16
VisualStudioVersion = 16.6.30114.105
MinimumVisualStudioVersion = 10.0.40219.1
Project("{F2A71F9B-5D33-465A-A702-920D77279786}") = "Jisp", "Jisp\Jisp.fsproj", "{65CBB85D-49AC-485B-803B-FF8924D646BF}"
EndProject
Project("{F2A71F9B-5D33-465A-A702-920D77279786}") = "Jisp.Interpreter", "Jisp.Interpreter\Jisp.Interpreter.fsproj", "{161B45B2-5BEA-4BE3-9AC8-7425DB521665}"
EndProject
Project("{F2A71F9B-5D33-465A-A702-920D77279786}") = "Jisp.Test", "Jisp.Test\Jisp.Test.fsproj", "{EE7CC131-6879-4101-8B03-E205CC6B55AB}"
EndProject
Global
	GlobalSection(SolutionConfigurationPlatforms) = preSolution
		Debug|Any CPU = Debug|Any CPU
		Debug|x64 = Debug|x64
		Debug|x86 = Debug|x86
		Release|Any CPU = Release|Any CPU
		Release|x64 = Release|x64
		Release|x86 = Release|x86
	EndGlobalSection
	GlobalSection(SolutionProperties) = preSolution
		HideSolutionNode = FALSE
	EndGlobalSection
	GlobalSection(ProjectConfigurationPlatforms) = postSolution
		{65CBB85D-49AC-485B-803B-FF8924D646BF}.Debug|Any CPU.ActiveCfg = Debug|Any CPU
		{65CBB85D-49AC-485B-803B-FF8924D646BF}.Debug|Any CPU.Build.0 = Debug|Any CPU
		{65CBB85D-49AC-485B-803B-FF8924D646BF}.Debug|x64.ActiveCfg = Debug|Any CPU
		{65CBB85D-49AC-485B-803B-FF8924D646BF}.Debug|x64.Build.0 = Debug|Any CPU
		{65CBB85D-49AC-485B-803B-FF8924D646BF}.Debug|x86.ActiveCfg = Debug|Any CPU
		{65CBB85D-49AC-485B-803B-FF8924D646BF}.Debug|x86.Build.0 = Debug|Any CPU
		{65CBB85D-49AC-485B-803B-FF8924D646BF}.Release|Any CPU.ActiveCfg = Release|Any CPU
		{65CBB85D-49AC-485B-803B-FF8924D646BF}.Release|Any CPU.Build.0 = Release|Any CPU
		{65CBB85D-49AC-485B-803B-FF8924D646BF}.Release|x64.ActiveCfg = Release|Any CPU
		{65CBB85D-49AC-485B-803B-FF8924D646BF}.Release|x64.Build.0 = Release|Any CPU
		{65CBB85D-49AC-485B-803B-FF8924D646BF}.Release|x86.ActiveCfg = Release|Any CPU
		{65CBB85D-49AC-485B-803B-FF8924D646BF}.Release|x86.Build.0 = Release|Any CPU
		{161B45B2-5BEA-4BE3-9AC8-7425DB521665}.Debug|Any CPU.ActiveCfg = Debug|Any CPU
		{161B45B2-5BEA-4BE3-9AC8-7425DB521665}.Debug|Any CPU.Build.0 = Debug|Any CPU
		{161B45B2-5BEA-4BE3-9AC8-7425DB521665}.Debug|x64.ActiveCfg = Debug|Any CPU
		{161B45B2-5BEA-4BE3-9AC8-7425DB521665}.Debug|x64.Build.0 = Debug|Any CPU
		{161B45B2-5BEA-4BE3-9AC8-7425DB521665}.Debug|x86.ActiveCfg = Debug|Any CPU
		{161B45B2-5BEA-4BE3-9AC8-7425DB521665}.Debug|x86.Build.0 = Debug|Any CPU
		{161B45B2-5BEA-4BE3-9AC8-7425DB521665}.Release|Any CPU.ActiveCfg = Release|Any CPU
		{161B45B2-5BEA-4BE3-9AC8-7425DB521665}.Release|Any CPU.Build.0 = Release|Any CPU
		{161B45B2-5BEA-4BE3-9AC8-7425DB521665}.Release|x64.ActiveCfg = Release|Any CPU
		{161B45B2-5BEA-4BE3-9AC8-7425DB521665}.Release|x64.Build.0 = Release|Any CPU
		{161B45B2-5BEA-4BE3-9AC8-7425DB521665}.Release|x86.ActiveCfg = Release|Any CPU
		{161B45B2-5BEA-4BE3-9AC8-7425DB521665}.Release|x86.Build.0 = Release|Any CPU
		{EE7CC131-6879-4101-8B03-E205CC6B55AB}.Debug|Any CPU.ActiveCfg = Debug|Any CPU
		{EE7CC131-6879-4101-8B03-E205CC6B55AB}.Debug|Any CPU.Build.0 = Debug|Any CPU
		{EE7CC131-6879-4101-8B03-E205CC6B55AB}.Debug|x64.ActiveCfg = Debug|Any CPU
		{EE7CC131-6879-4101-8B03-E205CC6B55AB}.Debug|x64.Build.0 = Debug|Any CPU
		{EE7CC131-6879-4101-8B03-E205CC6B55AB}.Debug|x86.ActiveCfg = Debug|Any CPU
		{EE7CC131-6879-4101-8B03-E205CC6B55AB}.Debug|x86.Build.0 = Debug|Any CPU
		{EE7CC131-6879-4101-8B03-E205CC6B55AB}.Release|Any CPU.ActiveCfg = Release|Any CPU
		{EE7CC131-6879-4101-8B03-E205CC6B55AB}.Release|Any CPU.Build.0 = Release|Any CPU
		{EE7CC131-6879-4101-8B03-E205CC6B55AB}.Release|x64.ActiveCfg = Release|Any CPU
		{EE7CC131-6879-4101-8B03-E205CC6B55AB}.Release|x64.Build.0 = Release|Any CPU
		{EE7CC131-6879-4101-8B03-E205CC6B55AB}.Release|x86.ActiveCfg = Release|Any CPU
		{EE7CC131-6879-4101-8B03-E205CC6B55AB}.Release|x86.Build.0 = Release|Any CPU
	EndGlobalSection
EndGlobal
