
Microsoft Visual Studio Solution File, Format Version 12.00
# Visual Studio 15
VisualStudioVersion = 15.0.26124.0
MinimumVisualStudioVersion = 15.0.26124.0
Project("{F2A71F9B-5D33-465A-A702-920D77279786}") = "Jisp", "Jisp\Jisp.fsproj", "{55016017-3227-4437-ACCA-42374F60B0A2}"
EndProject
Project("{F2A71F9B-5D33-465A-A702-920D77279786}") = "Jisp.Interpreter", "Jisp.Interpreter\Jisp.Interpreter.fsproj", "{DB35CF40-42EC-42F3-991D-45B78953D8C5}"
EndProject
Project("{F2A71F9B-5D33-465A-A702-920D77279786}") = "Jisp.Test", "Jisp.Test\Jisp.Test.fsproj", "{BC93808D-2706-4F92-A481-3D54F8E4FB23}"
EndProject
Global
	GlobalSection(SolutionConfigurationPlatforms) = preSolution
		Debug|Any CPU = Debug|Any CPU
		Debug|x64 = Debug|x64
		Debug|x86 = Debug|x86
		Release|Any CPU = Release|Any CPU
		Release|x64 = Release|x64
		Release|x86 = Release|x86
	EndGlobalSection
	GlobalSection(SolutionProperties) = preSolution
		HideSolutionNode = FALSE
	EndGlobalSection
	GlobalSection(ProjectConfigurationPlatforms) = postSolution
		{55016017-3227-4437-ACCA-42374F60B0A2}.Debug|Any CPU.ActiveCfg = Debug|Any CPU
		{55016017-3227-4437-ACCA-42374F60B0A2}.Debug|Any CPU.Build.0 = Debug|Any CPU
		{55016017-3227-4437-ACCA-42374F60B0A2}.Debug|x64.ActiveCfg = Debug|Any CPU
		{55016017-3227-4437-ACCA-42374F60B0A2}.Debug|x64.Build.0 = Debug|Any CPU
		{55016017-3227-4437-ACCA-42374F60B0A2}.Debug|x86.ActiveCfg = Debug|Any CPU
		{55016017-3227-4437-ACCA-42374F60B0A2}.Debug|x86.Build.0 = Debug|Any CPU
		{55016017-3227-4437-ACCA-42374F60B0A2}.Release|Any CPU.ActiveCfg = Release|Any CPU
		{55016017-3227-4437-ACCA-42374F60B0A2}.Release|Any CPU.Build.0 = Release|Any CPU
		{55016017-3227-4437-ACCA-42374F60B0A2}.Release|x64.ActiveCfg = Release|Any CPU
		{55016017-3227-4437-ACCA-42374F60B0A2}.Release|x64.Build.0 = Release|Any CPU
		{55016017-3227-4437-ACCA-42374F60B0A2}.Release|x86.ActiveCfg = Release|Any CPU
		{55016017-3227-4437-ACCA-42374F60B0A2}.Release|x86.Build.0 = Release|Any CPU
		{DB35CF40-42EC-42F3-991D-45B78953D8C5}.Debug|Any CPU.ActiveCfg = Debug|Any CPU
		{DB35CF40-42EC-42F3-991D-45B78953D8C5}.Debug|Any CPU.Build.0 = Debug|Any CPU
		{DB35CF40-42EC-42F3-991D-45B78953D8C5}.Debug|x64.ActiveCfg = Debug|Any CPU
		{DB35CF40-42EC-42F3-991D-45B78953D8C5}.Debug|x64.Build.0 = Debug|Any CPU
		{DB35CF40-42EC-42F3-991D-45B78953D8C5}.Debug|x86.ActiveCfg = Debug|Any CPU
		{DB35CF40-42EC-42F3-991D-45B78953D8C5}.Debug|x86.Build.0 = Debug|Any CPU
		{DB35CF40-42EC-42F3-991D-45B78953D8C5}.Release|Any CPU.ActiveCfg = Release|Any CPU
		{DB35CF40-42EC-42F3-991D-45B78953D8C5}.Release|Any CPU.Build.0 = Release|Any CPU
		{DB35CF40-42EC-42F3-991D-45B78953D8C5}.Release|x64.ActiveCfg = Release|Any CPU
		{DB35CF40-42EC-42F3-991D-45B78953D8C5}.Release|x64.Build.0 = Release|Any CPU
		{DB35CF40-42EC-42F3-991D-45B78953D8C5}.Release|x86.ActiveCfg = Release|Any CPU
		{DB35CF40-42EC-42F3-991D-45B78953D8C5}.Release|x86.Build.0 = Release|Any CPU
		{BC93808D-2706-4F92-A481-3D54F8E4FB23}.Debug|Any CPU.ActiveCfg = Debug|Any CPU
		{BC93808D-2706-4F92-A481-3D54F8E4FB23}.Debug|Any CPU.Build.0 = Debug|Any CPU
		{BC93808D-2706-4F92-A481-3D54F8E4FB23}.Debug|x64.ActiveCfg = Debug|Any CPU
		{BC93808D-2706-4F92-A481-3D54F8E4FB23}.Debug|x64.Build.0 = Debug|Any CPU
		{BC93808D-2706-4F92-A481-3D54F8E4FB23}.Debug|x86.ActiveCfg = Debug|Any CPU
		{BC93808D-2706-4F92-A481-3D54F8E4FB23}.Debug|x86.Build.0 = Debug|Any CPU
		{BC93808D-2706-4F92-A481-3D54F8E4FB23}.Release|Any CPU.ActiveCfg = Release|Any CPU
		{BC93808D-2706-4F92-A481-3D54F8E4FB23}.Release|Any CPU.Build.0 = Release|Any CPU
		{BC93808D-2706-4F92-A481-3D54F8E4FB23}.Release|x64.ActiveCfg = Release|Any CPU
		{BC93808D-2706-4F92-A481-3D54F8E4FB23}.Release|x64.Build.0 = Release|Any CPU
		{BC93808D-2706-4F92-A481-3D54F8E4FB23}.Release|x86.ActiveCfg = Release|Any CPU
		{BC93808D-2706-4F92-A481-3D54F8E4FB23}.Release|x86.Build.0 = Release|Any CPU
	EndGlobalSection
EndGlobal
